
Microsoft Visual Studio Solution File, Format Version 12.00
# Visual Studio Version 17
VisualStudioVersion = 17.8.34511.84
MinimumVisualStudioVersion = 10.0.40219.1
Project("{9A19103F-16F7-4668-BE54-9A1E7A4F7556}") = "SV22T1020673.Admin", "SV22T1020673.Admin\SV22T1020673.Admin.csproj", "{907EC988-4ECB-43F5-B596-442B6247A8C8}"
EndProject
Project("{9A19103F-16F7-4668-BE54-9A1E7A4F7556}") = "SV22T1020673.Shop", "SV22T1020673.Shop\SV22T1020673.Shop.csproj", "{D9E8F4B1-D471-4CC7-804E-A9D677356D1B}"
EndProject
Project("{9A19103F-16F7-4668-BE54-9A1E7A4F7556}") = "SV22T1020673.Models", "SV22T1020673.Models\SV22T1020673.Models.csproj", "{A48115ED-D21C-404B-AAFE-170CB3B75A03}"
EndProject
Project("{9A19103F-16F7-4668-BE54-9A1E7A4F7556}") = "SV22T1020673.BusinessLayers", "SV22T1020673.BusinessLayers\SV22T1020673.BusinessLayers.csproj", "{0C60873E-1899-4E46-889D-FBAA26A4B1E6}"
EndProject
Project("{2150E333-8FDC-42A3-9474-1A3956D46DE8}") = "Applications", "Applications", "{214A3C83-787D-47F6-B4D4-4287B6E50486}"
EndProject
Project("{2150E333-8FDC-42A3-9474-1A3956D46DE8}") = "Libraries", "Libraries", "{0D6A93EF-B56C-4920-AA7B-DBFBBE4E4BB2}"
EndProject
Project("{9A19103F-16F7-4668-BE54-9A1E7A4F7556}") = "SV22T1020673.DataLayers", "SV22T1020673.DataLayers\SV22T1020673.DataLayers.csproj", "{811863AC-3599-44BC-9669-8398EC1B80C0}"
EndProject
Global
	GlobalSection(SolutionConfigurationPlatforms) = preSolution
		Debug|Any CPU = Debug|Any CPU
		Release|Any CPU = Release|Any CPU
	EndGlobalSection
	GlobalSection(ProjectConfigurationPlatforms) = postSolution
		{907EC988-4ECB-43F5-B596-442B6247A8C8}.Debug|Any CPU.ActiveCfg = Debug|Any CPU
		{907EC988-4ECB-43F5-B596-442B6247A8C8}.Debug|Any CPU.Build.0 = Debug|Any CPU
		{907EC988-4ECB-43F5-B596-442B6247A8C8}.Release|Any CPU.ActiveCfg = Release|Any CPU
		{907EC988-4ECB-43F5-B596-442B6247A8C8}.Release|Any CPU.Build.0 = Release|Any CPU
		{D9E8F4B1-D471-4CC7-804E-A9D677356D1B}.Debug|Any CPU.ActiveCfg = Debug|Any CPU
		{D9E8F4B1-D471-4CC7-804E-A9D677356D1B}.Debug|Any CPU.Build.0 = Debug|Any CPU
		{D9E8F4B1-D471-4CC7-804E-A9D677356D1B}.Release|Any CPU.ActiveCfg = Release|Any CPU
		{D9E8F4B1-D471-4CC7-804E-A9D677356D1B}.Release|Any CPU.Build.0 = Release|Any CPU
		{A48115ED-D21C-404B-AAFE-170CB3B75A03}.Debug|Any CPU.ActiveCfg = Debug|Any CPU
		{A48115ED-D21C-404B-AAFE-170CB3B75A03}.Debug|Any CPU.Build.0 = Debug|Any CPU
		{A48115ED-D21C-404B-AAFE-170CB3B75A03}.Release|Any CPU.ActiveCfg = Release|Any CPU
		{A48115ED-D21C-404B-AAFE-170CB3B75A03}.Release|Any CPU.Build.0 = Release|Any CPU
		{0C60873E-1899-4E46-889D-FBAA26A4B1E6}.Debug|Any CPU.ActiveCfg = Debug|Any CPU
		{0C60873E-1899-4E46-889D-FBAA26A4B1E6}.Debug|Any CPU.Build.0 = Debug|Any CPU
		{0C60873E-1899-4E46-889D-FBAA26A4B1E6}.Release|Any CPU.ActiveCfg = Release|Any CPU
		{0C60873E-1899-4E46-889D-FBAA26A4B1E6}.Release|Any CPU.Build.0 = Release|Any CPU
		{811863AC-3599-44BC-9669-8398EC1B80C0}.Debug|Any CPU.ActiveCfg = Debug|Any CPU
		{811863AC-3599-44BC-9669-8398EC1B80C0}.Debug|Any CPU.Build.0 = Debug|Any CPU
		{811863AC-3599-44BC-9669-8398EC1B80C0}.Release|Any CPU.ActiveCfg = Release|Any CPU
		{811863AC-3599-44BC-9669-8398EC1B80C0}.Release|Any CPU.Build.0 = Release|Any CPU
	EndGlobalSection
	GlobalSection(SolutionProperties) = preSolution
		HideSolutionNode = FALSE
	EndGlobalSection
	GlobalSection(NestedProjects) = preSolution
		{907EC988-4ECB-43F5-B596-442B6247A8C8} = {214A3C83-787D-47F6-B4D4-4287B6E50486}
		{D9E8F4B1-D471-4CC7-804E-A9D677356D1B} = {214A3C83-787D-47F6-B4D4-4287B6E50486}
		{A48115ED-D21C-404B-AAFE-170CB3B75A03} = {0D6A93EF-B56C-4920-AA7B-DBFBBE4E4BB2}
		{0C60873E-1899-4E46-889D-FBAA26A4B1E6} = {0D6A93EF-B56C-4920-AA7B-DBFBBE4E4BB2}
		{811863AC-3599-44BC-9669-8398EC1B80C0} = {0D6A93EF-B56C-4920-AA7B-DBFBBE4E4BB2}
	EndGlobalSection
	GlobalSection(ExtensibilityGlobals) = postSolution
		SolutionGuid = {260F5249-7673-454F-9B56-13A45F916889}
	EndGlobalSection
EndGlobal
